{
  "name": "bot",
  "version": "1.0.0",
  "lockfileVersion": 2,
  "requires": true,
  "packages": {
    "": {
      "name": "bot",
      "version": "1.0.0",
      "license": "ISC"
    },
    "../xernerx": {
      "version": "1.0.4",
      "extraneous": true,
      "license": "ISC",
      "dependencies": {
        "@discordjs/builders": "^0.13.0",
        "@discordjs/rest": "^0.4.1-canary.0",
        "discord-api-types": "^0.32.0",
        "discord.js": "^13.6.0",
        "dumfunctions": "^1.0.3"
      }
    }
  }
}
